
Microsoft Visual Studio Solution File, Format Version 12.00
# Visual Studio Version 16
VisualStudioVersion = 16.0.31005.135
MinimumVisualStudioVersion = 10.0.40219.1
Project("{FAE04EC0-301F-11D3-BF4B-00C04F79EFBC}") = "RestaurantAPI", "RestaurantAPI\RestaurantAPI.csproj", "{A12A0A6D-2411-4614-8FC5-22BF83BC1554}"
EndProject
Global
	GlobalSection(SolutionConfigurationPlatforms) = preSolution
		Debug|Any CPU = Debug|Any CPU
		Release|Any CPU = Release|Any CPU
	EndGlobalSection
	GlobalSection(ProjectConfigurationPlatforms) = postSolution
		{A12A0A6D-2411-4614-8FC5-22BF83BC1554}.Debug|Any CPU.ActiveCfg = Debug|Any CPU
		{A12A0A6D-2411-4614-8FC5-22BF83BC1554}.Debug|Any CPU.Build.0 = Debug|Any CPU
		{A12A0A6D-2411-4614-8FC5-22BF83BC1554}.Release|Any CPU.ActiveCfg = Release|Any CPU
		{A12A0A6D-2411-4614-8FC5-22BF83BC1554}.Release|Any CPU.Build.0 = Release|Any CPU
	EndGlobalSection
	GlobalSection(SolutionProperties) = preSolution
		HideSolutionNode = FALSE
	EndGlobalSection
	GlobalSection(ExtensibilityGlobals) = postSolution
		SolutionGuid = {9BA301B9-F6D3-457C-A752-A31A2B5952D7}
	EndGlobalSection
EndGlobal
